{
  "name": "@hedhog/contact",
  "version": "0.0.16",
  "lockfileVersion": 3,
  "requires": true,
  "packages": {
    "": {
      "name": "@hedhog/contact",
      "version": "0.0.16",
      "license": "MIT",
      "devDependencies": {
        "@hedhog/admin": "^0.0.122",
        "@hedhog/file": "^0.0.28",
        "@hedhog/locale": "^0.0.22",
        "@hedhog/pagination": "^0.0.17",
        "@hedhog/prisma": "^0.0.11",
        "@nestjs/mapped-types": "^2.0.6"
      },
      "peerDependencies": {
        "@hedhog/admin": "latest",
        "@hedhog/file": "latest",
        "@hedhog/locale": "latest",
        "@hedhog/pagination": "latest",
        "@hedhog/prisma": "latest"
      }
    },
    "node_modules/@hedhog/admin": {
      "version": "0.0.122",
      "resolved": "https://registry.npmjs.org/@hedhog/admin/-/admin-0.0.122.tgz",
      "integrity": "sha512-RJYA+i7xq7lNGEAMCqzKZGqG0uxTsTw+6xH+11GHiXNPQCKMzJwjfMEZaSZPgOxZPKmKsnPMIEpssW5/jtLlvA==",
      "dev": true,
      "peerDependencies": {
        "@hedhog/locale": "latest",
        "@hedhog/mail": "latest",
        "@hedhog/pagination": "latest",
        "@hedhog/prisma": "latest",
        "@hedhog/setting": "latest",
        "@hedhog/utils": "latest",
        "@nestjs/jwt": "latest"
      }
    },
    "node_modules/@hedhog/file": {
      "version": "0.0.28",
      "resolved": "https://registry.npmjs.org/@hedhog/file/-/file-0.0.28.tgz",
      "integrity": "sha512-yUg0WaILfLWiJKqwDFjjl7PRzk1l4LZdUAerIfETjRj/lPXmP3fRF0TYngGorOTjODavG/R73aCibu5pxmIMkA==",
      "dev": true,
      "peerDependencies": {
        "@hedhog/pagination": "latest",
        "@hedhog/prisma": "latest",
        "@hedhog/setting": "latest",
        "@hedhog/utils": "latest",
        "@nestjs/jwt": "^10.2.0",
        "@nestjs/mapped-types": "^2.0.5",
        "@prisma/client": "^5.17.0",
        "aws-sdk": "2.1691.0",
        "class-transformer": "^0.5.1",
        "class-validator": "^0.14.1",
        "typeorm": "^0.3.20"
      },
      "peerDependenciesMeta": {
        "@azure/storage-blob": {
          "optional": true
        },
        "aws-sdk": {
          "optional": true
        }
      }
    },
    "node_modules/@hedhog/locale": {
      "version": "0.0.22",
      "resolved": "https://registry.npmjs.org/@hedhog/locale/-/locale-0.0.22.tgz",
      "integrity": "sha512-96h06BafF7fQK2imtckaO0Vy3rcL6RLWANcfAl9gXv5RcgPXaTJQMxhzg5wAOkUmTufJcogco3fE7CCsF2kwBw==",
      "dev": true,
      "peerDependencies": {
        "@hedhog/pagination": "latest",
        "@hedhog/prisma": "latest",
        "@hedhog/utils": "latest"
      }
    },
    "node_modules/@hedhog/pagination": {
      "version": "0.0.17",
      "resolved": "https://registry.npmjs.org/@hedhog/pagination/-/pagination-0.0.17.tgz",
      "integrity": "sha512-WtoXVK2h89RSTohbBn97Z5F9xp9PtLuKKvOTgjFeEXb0obwFQn2ox2T5kuPyXRK5OYG3vckMhei1rMpD0UCsTA==",
      "dev": true,
      "peerDependencies": {
        "@hedhog/prisma": "latest",
        "@hedhog/utils": "latest",
        "@prisma/client": "^5.17.0",
        "class-transformer": "^0.5.1",
        "class-validator": "^0.14.1"
      }
    },
    "node_modules/@hedhog/prisma": {
      "version": "0.0.11",
      "resolved": "https://registry.npmjs.org/@hedhog/prisma/-/prisma-0.0.11.tgz",
      "integrity": "sha512-twZuJR1k4J5DFK0Qh432aBvUGqyD2w6TXpi/jPEb18q6n5N93mGUv7INr0QmfJfe6lZpvpYFlynTu8dmCj9tzg==",
      "dev": true,
      "peerDependencies": {
        "@nestjs/common": "^10.0.0",
        "@nestjs/core": "^10.0.0",
        "@prisma/client": "^5.19.1"
      }
    },
    "node_modules/@nestjs/mapped-types": {
      "version": "2.0.6",
      "resolved": "https://registry.npmjs.org/@nestjs/mapped-types/-/mapped-types-2.0.6.tgz",
      "integrity": "sha512-84ze+CPfp1OWdpRi1/lOu59hOhTz38eVzJvRKrg9ykRFwDz+XleKfMsG0gUqNZYFa6v53XYzeD+xItt8uDW7NQ==",
      "dev": true,
      "peerDependencies": {
        "@nestjs/common": "^8.0.0 || ^9.0.0 || ^10.0.0",
        "class-transformer": "^0.4.0 || ^0.5.0",
        "class-validator": "^0.13.0 || ^0.14.0",
        "reflect-metadata": "^0.1.12 || ^0.2.0"
      },
      "peerDependenciesMeta": {
        "class-transformer": {
          "optional": true
        },
        "class-validator": {
          "optional": true
        }
      }
    }
  }
}
