{
  "name": "@hedhog/locale",
  "version": "0.0.23",
  "lockfileVersion": 3,
  "requires": true,
  "packages": {
    "": {
      "name": "@hedhog/locale",
      "version": "0.0.23",
      "license": "MIT",
      "devDependencies": {
        "@hedhog/pagination": "^0.0.17",
        "@hedhog/prisma": "^0.0.11",
        "@hedhog/utils": "^0.0.27",
        "@nestjs/mapped-types": "^2.0.5"
      },
      "peerDependencies": {
        "@hedhog/pagination": "latest",
        "@hedhog/prisma": "latest",
        "@hedhog/utils": "latest"
      }
    },
    "node_modules/@hedhog/pagination": {
      "version": "0.0.17",
      "resolved": "https://registry.npmjs.org/@hedhog/pagination/-/pagination-0.0.17.tgz",
      "integrity": "sha512-WtoXVK2h89RSTohbBn97Z5F9xp9PtLuKKvOTgjFeEXb0obwFQn2ox2T5kuPyXRK5OYG3vckMhei1rMpD0UCsTA==",
      "dev": true,
      "peerDependencies": {
        "@hedhog/prisma": "latest",
        "@hedhog/utils": "latest",
        "@prisma/client": "^5.17.0",
        "class-transformer": "^0.5.1",
        "class-validator": "^0.14.1"
      }
    },
    "node_modules/@hedhog/prisma": {
      "version": "0.0.11",
      "resolved": "https://registry.npmjs.org/@hedhog/prisma/-/prisma-0.0.11.tgz",
      "integrity": "sha512-twZuJR1k4J5DFK0Qh432aBvUGqyD2w6TXpi/jPEb18q6n5N93mGUv7INr0QmfJfe6lZpvpYFlynTu8dmCj9tzg==",
      "dev": true,
      "peerDependencies": {
        "@nestjs/common": "^10.0.0",
        "@nestjs/core": "^10.0.0",
        "@prisma/client": "^5.19.1"
      }
    },
    "node_modules/@hedhog/utils": {
      "version": "0.0.27",
      "resolved": "https://registry.npmjs.org/@hedhog/utils/-/utils-0.0.27.tgz",
      "integrity": "sha512-KULUIM1nD9PTSq3IDRq5b/afMOIwDZAyAQl0vvU3XWR7nUlDKFQk7cWSkIuH3UJgt0GOyIYCQtAUTuMg8JJCTA==",
      "dev": true
    },
    "node_modules/@nestjs/mapped-types": {
      "version": "2.0.5",
      "resolved": "https://registry.npmjs.org/@nestjs/mapped-types/-/mapped-types-2.0.5.tgz",
      "integrity": "sha512-bSJv4pd6EY99NX9CjBIyn4TVDoSit82DUZlL4I3bqNfy5Gt+gXTa86i3I/i0iIV9P4hntcGM5GyO+FhZAhxtyg==",
      "dev": true,
      "peerDependencies": {
        "@nestjs/common": "^8.0.0 || ^9.0.0 || ^10.0.0",
        "class-transformer": "^0.4.0 || ^0.5.0",
        "class-validator": "^0.13.0 || ^0.14.0",
        "reflect-metadata": "^0.1.12 || ^0.2.0"
      },
      "peerDependenciesMeta": {
        "class-transformer": {
          "optional": true
        },
        "class-validator": {
          "optional": true
        }
      }
    }
  }
}
