{
  "name": "@hedhog/country",
  "version": "0.0.4",
  "lockfileVersion": 3,
  "requires": true,
  "packages": {
    "": {
      "name": "@hedhog/country",
      "version": "0.0.4",
      "license": "MIT",
      "devDependencies": {
        "@hedhog/locale": "^0.7.7",
        "@nestjs/mapped-types": "^2.0.5"
      },
      "peerDependencies": {
        "@hedhog/locale": "latest"
      }
    },
    "node_modules/@hedhog/locale": {
      "version": "0.7.7",
      "resolved": "https://registry.npmjs.org/@hedhog/locale/-/locale-0.7.7.tgz",
      "integrity": "sha512-uRgIprLcN0zo7mlioidx4x/2v4ojuFbCmjlnD4XyRQXcqBDYx3p7e45bOworT9gvps49OZQTEj5c5Fqn5jCLKA==",
      "dev": true,
      "peerDependencies": {
        "@hedhog/pagination": "latest",
        "@hedhog/prisma": "latest",
        "@hedhog/utils": "latest"
      }
    },
    "node_modules/@nestjs/mapped-types": {
      "version": "2.0.6",
      "resolved": "https://registry.npmjs.org/@nestjs/mapped-types/-/mapped-types-2.0.6.tgz",
      "integrity": "sha512-84ze+CPfp1OWdpRi1/lOu59hOhTz38eVzJvRKrg9ykRFwDz+XleKfMsG0gUqNZYFa6v53XYzeD+xItt8uDW7NQ==",
      "dev": true,
      "peerDependencies": {
        "@nestjs/common": "^8.0.0 || ^9.0.0 || ^10.0.0",
        "class-transformer": "^0.4.0 || ^0.5.0",
        "class-validator": "^0.13.0 || ^0.14.0",
        "reflect-metadata": "^0.1.12 || ^0.2.0"
      },
      "peerDependenciesMeta": {
        "class-transformer": {
          "optional": true
        },
        "class-validator": {
          "optional": true
        }
      }
    }
  }
}
