{
  "name": "@hedhog/country",
  "version": "0.17.1",
  "lockfileVersion": 3,
  "requires": true,
  "packages": {
    "": {
      "name": "@hedhog/country",
      "version": "0.17.1",
      "license": "MIT",
      "devDependencies": {
        "@hedhog/locale": "^0.8.1",
        "@hedhog/prisma": "^0.8.1",
        "@nestjs/mapped-types": "^2.0.5"
      },
      "peerDependencies": {
        "@hedhog/locale": "latest"
      }
    },
    "node_modules/@hedhog/locale": {
      "version": "0.8.1",
      "resolved": "https://registry.npmjs.org/@hedhog/locale/-/locale-0.8.1.tgz",
      "integrity": "sha512-VIuZahIYNyTcpbUp83JsvJXtjJoOy8nOk6vWFMhghdmCy9fPAshphB5Qt2mfgorQf3j1uBTvKAH8c7Gu+xWkrw==",
      "dev": true,
      "license": "MIT",
      "peerDependencies": {
        "@hedhog/pagination": "latest",
        "@hedhog/prisma": "latest",
        "@hedhog/utils": "latest"
      }
    },
    "node_modules/@hedhog/prisma": {
      "version": "0.8.1",
      "resolved": "https://registry.npmjs.org/@hedhog/prisma/-/prisma-0.8.1.tgz",
      "integrity": "sha512-30s5NPl+d1VTytznMb3LgtwStSr9tIaIB91DY4CDrD5qugCAMMpmOCxB3RdQ7Fqj66yEnGrphXlOm+GO8rnagw==",
      "dev": true,
      "license": "MIT",
      "peerDependencies": {
        "@nestjs/common": "^10.0.0",
        "@nestjs/core": "^10.0.0"
      }
    },
    "node_modules/@nestjs/mapped-types": {
      "version": "2.0.6",
      "resolved": "https://registry.npmjs.org/@nestjs/mapped-types/-/mapped-types-2.0.6.tgz",
      "integrity": "sha512-84ze+CPfp1OWdpRi1/lOu59hOhTz38eVzJvRKrg9ykRFwDz+XleKfMsG0gUqNZYFa6v53XYzeD+xItt8uDW7NQ==",
      "dev": true,
      "peerDependencies": {
        "@nestjs/common": "^8.0.0 || ^9.0.0 || ^10.0.0",
        "class-transformer": "^0.4.0 || ^0.5.0",
        "class-validator": "^0.13.0 || ^0.14.0",
        "reflect-metadata": "^0.1.12 || ^0.2.0"
      },
      "peerDependenciesMeta": {
        "class-transformer": {
          "optional": true
        },
        "class-validator": {
          "optional": true
        }
      }
    }
  }
}
